
Microsoft Visual Studio Solution File, Format Version 12.00
# Visual Studio Version 16
VisualStudioVersion = 25.0.1706.3
MinimumVisualStudioVersion = 10.0.40219.1
Project("{FAE04EC0-301F-11D3-BF4B-00C04F79EFBC}") = "task1", "task1\task1.csproj", "{279956D1-1D8F-4FA4-8895-E4ABED5C1497}"
EndProject
Project("{FAE04EC0-301F-11D3-BF4B-00C04F79EFBC}") = "RazorModels", "RazorModesls\RazorModels.csproj", "{6D6818F3-4AD2-4B3F-BC4E-908147BAD1B2}"
EndProject
Project("{FAE04EC0-301F-11D3-BF4B-00C04F79EFBC}") = "RazorServices", "RazorServices\RazorServices.csproj", "{37AA4E97-6733-4110-B818-B97C6241E14B}"
EndProject
Project("{2150E333-8FDC-42A3-9474-1A3956D46DE8}") = "Элементы решения", "Элементы решения", "{7D16B35A-DB61-4DE0-9F72-EEC2DD81DA9F}"
	ProjectSection(SolutionItems) = preProject
		.editorconfig = .editorconfig
	EndProjectSection
EndProject
Global
	GlobalSection(SolutionConfigurationPlatforms) = preSolution
		Debug|Any CPU = Debug|Any CPU
		Release|Any CPU = Release|Any CPU
	EndGlobalSection
	GlobalSection(ProjectConfigurationPlatforms) = postSolution
		{279956D1-1D8F-4FA4-8895-E4ABED5C1497}.Debug|Any CPU.ActiveCfg = Debug|Any CPU
		{279956D1-1D8F-4FA4-8895-E4ABED5C1497}.Debug|Any CPU.Build.0 = Debug|Any CPU
		{279956D1-1D8F-4FA4-8895-E4ABED5C1497}.Release|Any CPU.ActiveCfg = Release|Any CPU
		{279956D1-1D8F-4FA4-8895-E4ABED5C1497}.Release|Any CPU.Build.0 = Release|Any CPU
		{6D6818F3-4AD2-4B3F-BC4E-908147BAD1B2}.Debug|Any CPU.ActiveCfg = Debug|Any CPU
		{6D6818F3-4AD2-4B3F-BC4E-908147BAD1B2}.Debug|Any CPU.Build.0 = Debug|Any CPU
		{6D6818F3-4AD2-4B3F-BC4E-908147BAD1B2}.Release|Any CPU.ActiveCfg = Release|Any CPU
		{6D6818F3-4AD2-4B3F-BC4E-908147BAD1B2}.Release|Any CPU.Build.0 = Release|Any CPU
		{37AA4E97-6733-4110-B818-B97C6241E14B}.Debug|Any CPU.ActiveCfg = Debug|Any CPU
		{37AA4E97-6733-4110-B818-B97C6241E14B}.Debug|Any CPU.Build.0 = Debug|Any CPU
		{37AA4E97-6733-4110-B818-B97C6241E14B}.Release|Any CPU.ActiveCfg = Release|Any CPU
		{37AA4E97-6733-4110-B818-B97C6241E14B}.Release|Any CPU.Build.0 = Release|Any CPU
	EndGlobalSection
	GlobalSection(SolutionProperties) = preSolution
		HideSolutionNode = FALSE
	EndGlobalSection
	GlobalSection(ExtensibilityGlobals) = postSolution
		SolutionGuid = {7279C9EC-3711-4409-AAAB-972BD52D4844}
	EndGlobalSection
EndGlobal
